// !$*UTF8*$!
{
	archiveVersion = 1;
	classes = {
	};
	objectVersion = 56;
	objects = {

/* Begin PBXBuildFile section */
		F79A222729A7CFCB00DF5449 /* AppDelegate.swift in Sources */ = {isa = PBXBuildFile; fileRef = F79A222629A7CFCB00DF5449 /* AppDelegate.swift */; };
		F79A223029A7CFCD00DF5449 /* Assets.xcassets in Resources */ = {isa = PBXBuildFile; fileRef = F79A222F29A7CFCD00DF5449 /* Assets.xcassets */; };
		F79A223329A7CFCD00DF5449 /* LaunchScreen.storyboard in Resources */ = {isa = PBXBuildFile; fileRef = F79A223129A7CFCD00DF5449 /* LaunchScreen.storyboard */; };
		F79A223C29A7D16D00DF5449 /* RoutingManager.swift in Sources */ = {isa = PBXBuildFile; fileRef = F79A223B29A7D16D00DF5449 /* RoutingManager.swift */; };
		F79A223F29A7D1C400DF5449 /* WelcomeViewController.swift in Sources */ = {isa = PBXBuildFile; fileRef = F79A223E29A7D1C400DF5449 /* WelcomeViewController.swift */; };
		F79A224229A7D2C400DF5449 /* NavigationUtility.swift in Sources */ = {isa = PBXBuildFile; fileRef = F79A224129A7D2C400DF5449 /* NavigationUtility.swift */; };
		F79A224529A7D2FF00DF5449 /* OnboardingContainerViewController.swift in Sources */ = {isa = PBXBuildFile; fileRef = F79A224429A7D2FF00DF5449 /* OnboardingContainerViewController.swift */; };
		F79A224829A7D3C300DF5449 /* SnapKit in Frameworks */ = {isa = PBXBuildFile; productRef = F79A224729A7D3C300DF5449 /* SnapKit */; };
		F79A224B29A8BCC300DF5449 /* FirstOnboardingViewController.swift in Sources */ = {isa = PBXBuildFile; fileRef = F79A224A29A8BCC300DF5449 /* FirstOnboardingViewController.swift */; };
		F79A224D29A8C2FF00DF5449 /* SecondOnboardingViewController.swift in Sources */ = {isa = PBXBuildFile; fileRef = F79A224C29A8C2FF00DF5449 /* SecondOnboardingViewController.swift */; };
		F79A224F29A8E8CE00DF5449 /* WelcomeRouterProtocol.swift in Sources */ = {isa = PBXBuildFile; fileRef = F79A224E29A8E8CE00DF5449 /* WelcomeRouterProtocol.swift */; };
		F79A225129A8E90F00DF5449 /* WelcomeRouter.swift in Sources */ = {isa = PBXBuildFile; fileRef = F79A225029A8E90F00DF5449 /* WelcomeRouter.swift */; };
		F79A225329A8E94B00DF5449 /* WelcomeViewModel.swift in Sources */ = {isa = PBXBuildFile; fileRef = F79A225229A8E94B00DF5449 /* WelcomeViewModel.swift */; };
		F79A225629AA0C1200DF5449 /* PaywallViewController.swift in Sources */ = {isa = PBXBuildFile; fileRef = F79A225529AA0C1200DF5449 /* PaywallViewController.swift */; };
		F79A225929AA23A600DF5449 /* NetworkManager.swift in Sources */ = {isa = PBXBuildFile; fileRef = F79A225829AA23A600DF5449 /* NetworkManager.swift */; };
		F79A225C29AA250D00DF5449 /* QuestionModel.swift in Sources */ = {isa = PBXBuildFile; fileRef = F79A225B29AA250D00DF5449 /* QuestionModel.swift */; };
		F79A225F29AA262600DF5449 /* HomeViewController.swift in Sources */ = {isa = PBXBuildFile; fileRef = F79A225E29AA262600DF5449 /* HomeViewController.swift */; };
		F79A226129AA262C00DF5449 /* HomeViewModel.swift in Sources */ = {isa = PBXBuildFile; fileRef = F79A226029AA262C00DF5449 /* HomeViewModel.swift */; };
		F79A226429AA2A6D00DF5449 /* QuestionCell.swift in Sources */ = {isa = PBXBuildFile; fileRef = F79A226329AA2A6D00DF5449 /* QuestionCell.swift */; };
		F79A226829AA2BEB00DF5449 /* QuestionCellPresentation.swift in Sources */ = {isa = PBXBuildFile; fileRef = F79A226729AA2BEB00DF5449 /* QuestionCellPresentation.swift */; };
		F79A226A29AA2C3E00DF5449 /* UIImage+Extension.swift in Sources */ = {isa = PBXBuildFile; fileRef = F79A226929AA2C3E00DF5449 /* UIImage+Extension.swift */; };
		F79A226C29AA430200DF5449 /* PremiumButtonView.swift in Sources */ = {isa = PBXBuildFile; fileRef = F79A226B29AA430200DF5449 /* PremiumButtonView.swift */; };
		F79A226E29AAA26700DF5449 /* CategoryCell.swift in Sources */ = {isa = PBXBuildFile; fileRef = F79A226D29AAA26700DF5449 /* CategoryCell.swift */; };
		F79A227129AAA45E00DF5449 /* CategoryCellPresentation.swift in Sources */ = {isa = PBXBuildFile; fileRef = F79A227029AAA45E00DF5449 /* CategoryCellPresentation.swift */; };
		F79A227529AB79B000DF5449 /* TwoLinedButton.swift in Sources */ = {isa = PBXBuildFile; fileRef = F79A227429AB79B000DF5449 /* TwoLinedButton.swift */; };
		F79A228529AB7D5400DF5449 /* Rubik-Regular.ttf in Resources */ = {isa = PBXBuildFile; fileRef = F79A227729AB7D5300DF5449 /* Rubik-Regular.ttf */; };
		F79A228629AB7D5400DF5449 /* Rubik-Black.ttf in Resources */ = {isa = PBXBuildFile; fileRef = F79A227829AB7D5300DF5449 /* Rubik-Black.ttf */; };
		F79A228729AB7D5400DF5449 /* Rubik-BoldItalic.ttf in Resources */ = {isa = PBXBuildFile; fileRef = F79A227929AB7D5300DF5449 /* Rubik-BoldItalic.ttf */; };
		F79A228829AB7D5400DF5449 /* Rubik-Medium.ttf in Resources */ = {isa = PBXBuildFile; fileRef = F79A227A29AB7D5300DF5449 /* Rubik-Medium.ttf */; };
		F79A228929AB7D5400DF5449 /* Rubik-MediumItalic.ttf in Resources */ = {isa = PBXBuildFile; fileRef = F79A227B29AB7D5300DF5449 /* Rubik-MediumItalic.ttf */; };
		F79A228A29AB7D5400DF5449 /* Rubik-ExtraBold.ttf in Resources */ = {isa = PBXBuildFile; fileRef = F79A227C29AB7D5300DF5449 /* Rubik-ExtraBold.ttf */; };
		F79A228B29AB7D5400DF5449 /* Rubik-Bold.ttf in Resources */ = {isa = PBXBuildFile; fileRef = F79A227D29AB7D5300DF5449 /* Rubik-Bold.ttf */; };
		F79A228C29AB7D5400DF5449 /* Rubik-Light.ttf in Resources */ = {isa = PBXBuildFile; fileRef = F79A227E29AB7D5300DF5449 /* Rubik-Light.ttf */; };
		F79A228D29AB7D5400DF5449 /* Rubik-Italic.ttf in Resources */ = {isa = PBXBuildFile; fileRef = F79A227F29AB7D5300DF5449 /* Rubik-Italic.ttf */; };
		F79A228E29AB7D5400DF5449 /* Rubik-LightItalic.ttf in Resources */ = {isa = PBXBuildFile; fileRef = F79A228029AB7D5400DF5449 /* Rubik-LightItalic.ttf */; };
		F79A228F29AB7D5400DF5449 /* Rubik-BlackItalic.ttf in Resources */ = {isa = PBXBuildFile; fileRef = F79A228129AB7D5400DF5449 /* Rubik-BlackItalic.ttf */; };
		F79A229029AB7D5400DF5449 /* Rubik-ExtraBoldItalic.ttf in Resources */ = {isa = PBXBuildFile; fileRef = F79A228229AB7D5400DF5449 /* Rubik-ExtraBoldItalic.ttf */; };
		F79A229129AB7D5400DF5449 /* Rubik-SemiBold.ttf in Resources */ = {isa = PBXBuildFile; fileRef = F79A228329AB7D5400DF5449 /* Rubik-SemiBold.ttf */; };
		F79A229229AB7D5400DF5449 /* Rubik-SemiBoldItalic.ttf in Resources */ = {isa = PBXBuildFile; fileRef = F79A228429AB7D5400DF5449 /* Rubik-SemiBoldItalic.ttf */; };
		F79A229429ABA2E000DF5449 /* UIButton+Extension.swift in Sources */ = {isa = PBXBuildFile; fileRef = F79A229329ABA2E000DF5449 /* UIButton+Extension.swift */; };
		F79A229629ABACCA00DF5449 /* PaywallCollectionCell.swift in Sources */ = {isa = PBXBuildFile; fileRef = F79A229529ABACCA00DF5449 /* PaywallCollectionCell.swift */; };
		F79A229829ABB59A00DF5449 /* PaywallCellPresentation.swift in Sources */ = {isa = PBXBuildFile; fileRef = F79A229729ABB59A00DF5449 /* PaywallCellPresentation.swift */; };
		F79A229A29ABB76F00DF5449 /* PaywallViewModel.swift in Sources */ = {isa = PBXBuildFile; fileRef = F79A229929ABB76F00DF5449 /* PaywallViewModel.swift */; };
		F79A229D29ABD9AB00DF5449 /* FirstVC.swift in Sources */ = {isa = PBXBuildFile; fileRef = F79A229C29ABD9AB00DF5449 /* FirstVC.swift */; };
		F79A229F29ABD9C500DF5449 /* SecondVC.swift in Sources */ = {isa = PBXBuildFile; fileRef = F79A229E29ABD9C500DF5449 /* SecondVC.swift */; };
		F79A22A129ABD9CE00DF5449 /* ThirdVC.swift in Sources */ = {isa = PBXBuildFile; fileRef = F79A22A029ABD9CE00DF5449 /* ThirdVC.swift */; };
		F79A22A329ABD9D500DF5449 /* FourthVC.swift in Sources */ = {isa = PBXBuildFile; fileRef = F79A22A229ABD9D500DF5449 /* FourthVC.swift */; };
		F79A22A529ABD9DD00DF5449 /* FifthVC.swift in Sources */ = {isa = PBXBuildFile; fileRef = F79A22A429ABD9DD00DF5449 /* FifthVC.swift */; };
		F79A22A729AC1DAC00DF5449 /* FirstOnboardingViewModel.swift in Sources */ = {isa = PBXBuildFile; fileRef = F79A22A629AC1DAC00DF5449 /* FirstOnboardingViewModel.swift */; };
		F79A22A929AC1DD900DF5449 /* FirstOnboardingRouterProtocol.swift in Sources */ = {isa = PBXBuildFile; fileRef = F79A22A829AC1DD900DF5449 /* FirstOnboardingRouterProtocol.swift */; };
		F79A22AB29AC1E4C00DF5449 /* FirstOnboardingRouter.swift in Sources */ = {isa = PBXBuildFile; fileRef = F79A22AA29AC1E4C00DF5449 /* FirstOnboardingRouter.swift */; };
		F79A22AF29AC1F8E00DF5449 /* SecondOnboardingViewModel.swift in Sources */ = {isa = PBXBuildFile; fileRef = F79A22AE29AC1F8E00DF5449 /* SecondOnboardingViewModel.swift */; };
		F79A22B129AC1F9400DF5449 /* SecondOnboardingRouter.swift in Sources */ = {isa = PBXBuildFile; fileRef = F79A22B029AC1F9400DF5449 /* SecondOnboardingRouter.swift */; };
		F79A22B329AC1F9C00DF5449 /* SecondOnboardingRouterProtocol.swift in Sources */ = {isa = PBXBuildFile; fileRef = F79A22B229AC1F9C00DF5449 /* SecondOnboardingRouterProtocol.swift */; };
/* End PBXBuildFile section */

/* Begin PBXFileReference section */
		F79A222329A7CFCB00DF5449 /* PlantApp.app */ = {isa = PBXFileReference; explicitFileType = wrapper.application; includeInIndex = 0; path = PlantApp.app; sourceTree = BUILT_PRODUCTS_DIR; };
		F79A222629A7CFCB00DF5449 /* AppDelegate.swift */ = {isa = PBXFileReference; lastKnownFileType = sourcecode.swift; path = AppDelegate.swift; sourceTree = "<group>"; };
		F79A222F29A7CFCD00DF5449 /* Assets.xcassets */ = {isa = PBXFileReference; lastKnownFileType = folder.assetcatalog; path = Assets.xcassets; sourceTree = "<group>"; };
		F79A223229A7CFCD00DF5449 /* Base */ = {isa = PBXFileReference; lastKnownFileType = file.storyboard; name = Base; path = Base.lproj/LaunchScreen.storyboard; sourceTree = "<group>"; };
		F79A223429A7CFCD00DF5449 /* Info.plist */ = {isa = PBXFileReference; lastKnownFileType = text.plist.xml; path = Info.plist; sourceTree = "<group>"; };
		F79A223B29A7D16D00DF5449 /* RoutingManager.swift */ = {isa = PBXFileReference; lastKnownFileType = sourcecode.swift; path = RoutingManager.swift; sourceTree = "<group>"; };
		F79A223E29A7D1C400DF5449 /* WelcomeViewController.swift */ = {isa = PBXFileReference; lastKnownFileType = sourcecode.swift; path = WelcomeViewController.swift; sourceTree = "<group>"; };
		F79A224129A7D2C400DF5449 /* NavigationUtility.swift */ = {isa = PBXFileReference; lastKnownFileType = sourcecode.swift; path = NavigationUtility.swift; sourceTree = "<group>"; };
		F79A224429A7D2FF00DF5449 /* OnboardingContainerViewController.swift */ = {isa = PBXFileReference; lastKnownFileType = sourcecode.swift; path = OnboardingContainerViewController.swift; sourceTree = "<group>"; };
		F79A224A29A8BCC300DF5449 /* FirstOnboardingViewController.swift */ = {isa = PBXFileReference; lastKnownFileType = sourcecode.swift; path = FirstOnboardingViewController.swift; sourceTree = "<group>"; };
		F79A224C29A8C2FF00DF5449 /* SecondOnboardingViewController.swift */ = {isa = PBXFileReference; lastKnownFileType = sourcecode.swift; path = SecondOnboardingViewController.swift; sourceTree = "<group>"; };
		F79A224E29A8E8CE00DF5449 /* WelcomeRouterProtocol.swift */ = {isa = PBXFileReference; lastKnownFileType = sourcecode.swift; path = WelcomeRouterProtocol.swift; sourceTree = "<group>"; };
		F79A225029A8E90F00DF5449 /* WelcomeRouter.swift */ = {isa = PBXFileReference; lastKnownFileType = sourcecode.swift; path = WelcomeRouter.swift; sourceTree = "<group>"; };
		F79A225229A8E94B00DF5449 /* WelcomeViewModel.swift */ = {isa = PBXFileReference; lastKnownFileType = sourcecode.swift; path = WelcomeViewModel.swift; sourceTree = "<group>"; };
		F79A225529AA0C1200DF5449 /* PaywallViewController.swift */ = {isa = PBXFileReference; lastKnownFileType = sourcecode.swift; path = PaywallViewController.swift; sourceTree = "<group>"; };
		F79A225829AA23A600DF5449 /* NetworkManager.swift */ = {isa = PBXFileReference; lastKnownFileType = sourcecode.swift; path = NetworkManager.swift; sourceTree = "<group>"; };
		F79A225B29AA250D00DF5449 /* QuestionModel.swift */ = {isa = PBXFileReference; lastKnownFileType = sourcecode.swift; path = QuestionModel.swift; sourceTree = "<group>"; };
		F79A225E29AA262600DF5449 /* HomeViewController.swift */ = {isa = PBXFileReference; lastKnownFileType = sourcecode.swift; path = HomeViewController.swift; sourceTree = "<group>"; };
		F79A226029AA262C00DF5449 /* HomeViewModel.swift */ = {isa = PBXFileReference; lastKnownFileType = sourcecode.swift; path = HomeViewModel.swift; sourceTree = "<group>"; };
		F79A226329AA2A6D00DF5449 /* QuestionCell.swift */ = {isa = PBXFileReference; lastKnownFileType = sourcecode.swift; path = QuestionCell.swift; sourceTree = "<group>"; };
		F79A226729AA2BEB00DF5449 /* QuestionCellPresentation.swift */ = {isa = PBXFileReference; lastKnownFileType = sourcecode.swift; path = QuestionCellPresentation.swift; sourceTree = "<group>"; };
		F79A226929AA2C3E00DF5449 /* UIImage+Extension.swift */ = {isa = PBXFileReference; lastKnownFileType = sourcecode.swift; path = "UIImage+Extension.swift"; sourceTree = "<group>"; };
		F79A226B29AA430200DF5449 /* PremiumButtonView.swift */ = {isa = PBXFileReference; lastKnownFileType = sourcecode.swift; path = PremiumButtonView.swift; sourceTree = "<group>"; };
		F79A226D29AAA26700DF5449 /* CategoryCell.swift */ = {isa = PBXFileReference; lastKnownFileType = sourcecode.swift; path = CategoryCell.swift; sourceTree = "<group>"; };
		F79A227029AAA45E00DF5449 /* CategoryCellPresentation.swift */ = {isa = PBXFileReference; lastKnownFileType = sourcecode.swift; path = CategoryCellPresentation.swift; sourceTree = "<group>"; };
		F79A227429AB79B000DF5449 /* TwoLinedButton.swift */ = {isa = PBXFileReference; lastKnownFileType = sourcecode.swift; path = TwoLinedButton.swift; sourceTree = "<group>"; };
		F79A227729AB7D5300DF5449 /* Rubik-Regular.ttf */ = {isa = PBXFileReference; lastKnownFileType = file; name = "Rubik-Regular.ttf"; path = "../../../../Downloads/Rubik/static/Rubik-Regular.ttf"; sourceTree = "<group>"; };
		F79A227829AB7D5300DF5449 /* Rubik-Black.ttf */ = {isa = PBXFileReference; lastKnownFileType = file; name = "Rubik-Black.ttf"; path = "../../../../Downloads/Rubik/static/Rubik-Black.ttf"; sourceTree = "<group>"; };
		F79A227929AB7D5300DF5449 /* Rubik-BoldItalic.ttf */ = {isa = PBXFileReference; lastKnownFileType = file; name = "Rubik-BoldItalic.ttf"; path = "../../../../Downloads/Rubik/static/Rubik-BoldItalic.ttf"; sourceTree = "<group>"; };
		F79A227A29AB7D5300DF5449 /* Rubik-Medium.ttf */ = {isa = PBXFileReference; lastKnownFileType = file; name = "Rubik-Medium.ttf"; path = "../../../../Downloads/Rubik/static/Rubik-Medium.ttf"; sourceTree = "<group>"; };
		F79A227B29AB7D5300DF5449 /* Rubik-MediumItalic.ttf */ = {isa = PBXFileReference; lastKnownFileType = file; name = "Rubik-MediumItalic.ttf"; path = "../../../../Downloads/Rubik/static/Rubik-MediumItalic.ttf"; sourceTree = "<group>"; };
		F79A227C29AB7D5300DF5449 /* Rubik-ExtraBold.ttf */ = {isa = PBXFileReference; lastKnownFileType = file; name = "Rubik-ExtraBold.ttf"; path = "../../../../Downloads/Rubik/static/Rubik-ExtraBold.ttf"; sourceTree = "<group>"; };
		F79A227D29AB7D5300DF5449 /* Rubik-Bold.ttf */ = {isa = PBXFileReference; lastKnownFileType = file; name = "Rubik-Bold.ttf"; path = "../../../../Downloads/Rubik/static/Rubik-Bold.ttf"; sourceTree = "<group>"; };
		F79A227E29AB7D5300DF5449 /* Rubik-Light.ttf */ = {isa = PBXFileReference; lastKnownFileType = file; name = "Rubik-Light.ttf"; path = "../../../../Downloads/Rubik/static/Rubik-Light.ttf"; sourceTree = "<group>"; };
		F79A227F29AB7D5300DF5449 /* Rubik-Italic.ttf */ = {isa = PBXFileReference; lastKnownFileType = file; name = "Rubik-Italic.ttf"; path = "../../../../Downloads/Rubik/static/Rubik-Italic.ttf"; sourceTree = "<group>"; };
		F79A228029AB7D5400DF5449 /* Rubik-LightItalic.ttf */ = {isa = PBXFileReference; lastKnownFileType = file; name = "Rubik-LightItalic.ttf"; path = "../../../../Downloads/Rubik/static/Rubik-LightItalic.ttf"; sourceTree = "<group>"; };
		F79A228129AB7D5400DF5449 /* Rubik-BlackItalic.ttf */ = {isa = PBXFileReference; lastKnownFileType = file; name = "Rubik-BlackItalic.ttf"; path = "../../../../Downloads/Rubik/static/Rubik-BlackItalic.ttf"; sourceTree = "<group>"; };
		F79A228229AB7D5400DF5449 /* Rubik-ExtraBoldItalic.ttf */ = {isa = PBXFileReference; lastKnownFileType = file; name = "Rubik-ExtraBoldItalic.ttf"; path = "../../../../Downloads/Rubik/static/Rubik-ExtraBoldItalic.ttf"; sourceTree = "<group>"; };
		F79A228329AB7D5400DF5449 /* Rubik-SemiBold.ttf */ = {isa = PBXFileReference; lastKnownFileType = file; name = "Rubik-SemiBold.ttf"; path = "../../../../Downloads/Rubik/static/Rubik-SemiBold.ttf"; sourceTree = "<group>"; };
		F79A228429AB7D5400DF5449 /* Rubik-SemiBoldItalic.ttf */ = {isa = PBXFileReference; lastKnownFileType = file; name = "Rubik-SemiBoldItalic.ttf"; path = "../../../../Downloads/Rubik/static/Rubik-SemiBoldItalic.ttf"; sourceTree = "<group>"; };
		F79A229329ABA2E000DF5449 /* UIButton+Extension.swift */ = {isa = PBXFileReference; lastKnownFileType = sourcecode.swift; path = "UIButton+Extension.swift"; sourceTree = "<group>"; };
		F79A229529ABACCA00DF5449 /* PaywallCollectionCell.swift */ = {isa = PBXFileReference; lastKnownFileType = sourcecode.swift; path = PaywallCollectionCell.swift; sourceTree = "<group>"; };
		F79A229729ABB59A00DF5449 /* PaywallCellPresentation.swift */ = {isa = PBXFileReference; lastKnownFileType = sourcecode.swift; path = PaywallCellPresentation.swift; sourceTree = "<group>"; };
		F79A229929ABB76F00DF5449 /* PaywallViewModel.swift */ = {isa = PBXFileReference; lastKnownFileType = sourcecode.swift; path = PaywallViewModel.swift; sourceTree = "<group>"; };
		F79A229C29ABD9AB00DF5449 /* FirstVC.swift */ = {isa = PBXFileReference; lastKnownFileType = sourcecode.swift; path = FirstVC.swift; sourceTree = "<group>"; };
		F79A229E29ABD9C500DF5449 /* SecondVC.swift */ = {isa = PBXFileReference; lastKnownFileType = sourcecode.swift; path = SecondVC.swift; sourceTree = "<group>"; };
		F79A22A029ABD9CE00DF5449 /* ThirdVC.swift */ = {isa = PBXFileReference; lastKnownFileType = sourcecode.swift; path = ThirdVC.swift; sourceTree = "<group>"; };
		F79A22A229ABD9D500DF5449 /* FourthVC.swift */ = {isa = PBXFileReference; lastKnownFileType = sourcecode.swift; path = FourthVC.swift; sourceTree = "<group>"; };
		F79A22A429ABD9DD00DF5449 /* FifthVC.swift */ = {isa = PBXFileReference; lastKnownFileType = sourcecode.swift; path = FifthVC.swift; sourceTree = "<group>"; };
		F79A22A629AC1DAC00DF5449 /* FirstOnboardingViewModel.swift */ = {isa = PBXFileReference; lastKnownFileType = sourcecode.swift; path = FirstOnboardingViewModel.swift; sourceTree = "<group>"; };
		F79A22A829AC1DD900DF5449 /* FirstOnboardingRouterProtocol.swift */ = {isa = PBXFileReference; lastKnownFileType = sourcecode.swift; path = FirstOnboardingRouterProtocol.swift; sourceTree = "<group>"; };
		F79A22AA29AC1E4C00DF5449 /* FirstOnboardingRouter.swift */ = {isa = PBXFileReference; lastKnownFileType = sourcecode.swift; path = FirstOnboardingRouter.swift; sourceTree = "<group>"; };
		F79A22AE29AC1F8E00DF5449 /* SecondOnboardingViewModel.swift */ = {isa = PBXFileReference; lastKnownFileType = sourcecode.swift; path = SecondOnboardingViewModel.swift; sourceTree = "<group>"; };
		F79A22B029AC1F9400DF5449 /* SecondOnboardingRouter.swift */ = {isa = PBXFileReference; lastKnownFileType = sourcecode.swift; path = SecondOnboardingRouter.swift; sourceTree = "<group>"; };
		F79A22B229AC1F9C00DF5449 /* SecondOnboardingRouterProtocol.swift */ = {isa = PBXFileReference; lastKnownFileType = sourcecode.swift; path = SecondOnboardingRouterProtocol.swift; sourceTree = "<group>"; };
/* End PBXFileReference section */

/* Begin PBXFrameworksBuildPhase section */
		F79A222029A7CFCB00DF5449 /* Frameworks */ = {
			isa = PBXFrameworksBuildPhase;
			buildActionMask = 2147483647;
			files = (
				F79A224829A7D3C300DF5449 /* SnapKit in Frameworks */,
			);
			runOnlyForDeploymentPostprocessing = 0;
		};
/* End PBXFrameworksBuildPhase section */

/* Begin PBXGroup section */
		F79A221A29A7CFCB00DF5449 = {
			isa = PBXGroup;
			children = (
				F79A222529A7CFCB00DF5449 /* PlantApp */,
				F79A222429A7CFCB00DF5449 /* Products */,
			);
			sourceTree = "<group>";
		};
		F79A222429A7CFCB00DF5449 /* Products */ = {
			isa = PBXGroup;
			children = (
				F79A222329A7CFCB00DF5449 /* PlantApp.app */,
			);
			name = Products;
			sourceTree = "<group>";
		};
		F79A222529A7CFCB00DF5449 /* PlantApp */ = {
			isa = PBXGroup;
			children = (
				F79A229B29ABD99800DF5449 /* VCS */,
				F79A227629AB7D4800DF5449 /* Font */,
				F79A225D29AA261E00DF5449 /* Home */,
				F79A225A29AA250600DF5449 /* Data */,
				F79A225729AA239800DF5449 /* Network */,
				F79A225429AA0C0500DF5449 /* PaywallScreen */,
				F79A224329A7D2F300DF5449 /* OnboardingScreen */,
				F79A224029A7D2BA00DF5449 /* Utility */,
				F79A223D29A7D1B200DF5449 /* WelcomeScreen */,
				F79A223A29A7D15E00DF5449 /* Manager */,
				F79A222629A7CFCB00DF5449 /* AppDelegate.swift */,
				F79A222F29A7CFCD00DF5449 /* Assets.xcassets */,
				F79A223129A7CFCD00DF5449 /* LaunchScreen.storyboard */,
				F79A223429A7CFCD00DF5449 /* Info.plist */,
			);
			path = PlantApp;
			sourceTree = "<group>";
		};
		F79A223A29A7D15E00DF5449 /* Manager */ = {
			isa = PBXGroup;
			children = (
				F79A223B29A7D16D00DF5449 /* RoutingManager.swift */,
			);
			path = Manager;
			sourceTree = "<group>";
		};
		F79A223D29A7D1B200DF5449 /* WelcomeScreen */ = {
			isa = PBXGroup;
			children = (
				F79A223E29A7D1C400DF5449 /* WelcomeViewController.swift */,
				F79A224E29A8E8CE00DF5449 /* WelcomeRouterProtocol.swift */,
				F79A225029A8E90F00DF5449 /* WelcomeRouter.swift */,
				F79A225229A8E94B00DF5449 /* WelcomeViewModel.swift */,
			);
			path = WelcomeScreen;
			sourceTree = "<group>";
		};
		F79A224029A7D2BA00DF5449 /* Utility */ = {
			isa = PBXGroup;
			children = (
				F79A224129A7D2C400DF5449 /* NavigationUtility.swift */,
				F79A226929AA2C3E00DF5449 /* UIImage+Extension.swift */,
				F79A229329ABA2E000DF5449 /* UIButton+Extension.swift */,
			);
			path = Utility;
			sourceTree = "<group>";
		};
		F79A224329A7D2F300DF5449 /* OnboardingScreen */ = {
			isa = PBXGroup;
			children = (
				F79A22AD29AC1F7900DF5449 /* SecondOnboardingScreen */,
				F79A22AC29AC1F5E00DF5449 /* FirstOnboardingScreen */,
				F79A224429A7D2FF00DF5449 /* OnboardingContainerViewController.swift */,
			);
			path = OnboardingScreen;
			sourceTree = "<group>";
		};
		F79A225429AA0C0500DF5449 /* PaywallScreen */ = {
			isa = PBXGroup;
			children = (
				F79A227329AB79A700DF5449 /* CustomView */,
				F79A225529AA0C1200DF5449 /* PaywallViewController.swift */,
				F79A229929ABB76F00DF5449 /* PaywallViewModel.swift */,
			);
			path = PaywallScreen;
			sourceTree = "<group>";
		};
		F79A225729AA239800DF5449 /* Network */ = {
			isa = PBXGroup;
			children = (
				F79A225829AA23A600DF5449 /* NetworkManager.swift */,
			);
			path = Network;
			sourceTree = "<group>";
		};
		F79A225A29AA250600DF5449 /* Data */ = {
			isa = PBXGroup;
			children = (
				F79A225B29AA250D00DF5449 /* QuestionModel.swift */,
			);
			path = Data;
			sourceTree = "<group>";
		};
		F79A225D29AA261E00DF5449 /* Home */ = {
			isa = PBXGroup;
			children = (
				F79A226F29AAA44F00DF5449 /* CategoryCellPresentation */,
				F79A226629AA2BDA00DF5449 /* QuestionCellPresentation */,
				F79A226229AA2A6300DF5449 /* CustomView */,
				F79A225E29AA262600DF5449 /* HomeViewController.swift */,
				F79A226029AA262C00DF5449 /* HomeViewModel.swift */,
			);
			path = Home;
			sourceTree = "<group>";
		};
		F79A226229AA2A6300DF5449 /* CustomView */ = {
			isa = PBXGroup;
			children = (
				F79A226329AA2A6D00DF5449 /* QuestionCell.swift */,
				F79A226B29AA430200DF5449 /* PremiumButtonView.swift */,
				F79A226D29AAA26700DF5449 /* CategoryCell.swift */,
			);
			path = CustomView;
			sourceTree = "<group>";
		};
		F79A226629AA2BDA00DF5449 /* QuestionCellPresentation */ = {
			isa = PBXGroup;
			children = (
				F79A226729AA2BEB00DF5449 /* QuestionCellPresentation.swift */,
			);
			path = QuestionCellPresentation;
			sourceTree = "<group>";
		};
		F79A226F29AAA44F00DF5449 /* CategoryCellPresentation */ = {
			isa = PBXGroup;
			children = (
				F79A227029AAA45E00DF5449 /* CategoryCellPresentation.swift */,
			);
			path = CategoryCellPresentation;
			sourceTree = "<group>";
		};
		F79A227329AB79A700DF5449 /* CustomView */ = {
			isa = PBXGroup;
			children = (
				F79A227429AB79B000DF5449 /* TwoLinedButton.swift */,
				F79A229529ABACCA00DF5449 /* PaywallCollectionCell.swift */,
				F79A229729ABB59A00DF5449 /* PaywallCellPresentation.swift */,
			);
			path = CustomView;
			sourceTree = "<group>";
		};
		F79A227629AB7D4800DF5449 /* Font */ = {
			isa = PBXGroup;
			children = (
				F79A227829AB7D5300DF5449 /* Rubik-Black.ttf */,
				F79A228129AB7D5400DF5449 /* Rubik-BlackItalic.ttf */,
				F79A227D29AB7D5300DF5449 /* Rubik-Bold.ttf */,
				F79A227929AB7D5300DF5449 /* Rubik-BoldItalic.ttf */,
				F79A227C29AB7D5300DF5449 /* Rubik-ExtraBold.ttf */,
				F79A228229AB7D5400DF5449 /* Rubik-ExtraBoldItalic.ttf */,
				F79A227F29AB7D5300DF5449 /* Rubik-Italic.ttf */,
				F79A227E29AB7D5300DF5449 /* Rubik-Light.ttf */,
				F79A228029AB7D5400DF5449 /* Rubik-LightItalic.ttf */,
				F79A227A29AB7D5300DF5449 /* Rubik-Medium.ttf */,
				F79A227B29AB7D5300DF5449 /* Rubik-MediumItalic.ttf */,
				F79A227729AB7D5300DF5449 /* Rubik-Regular.ttf */,
				F79A228329AB7D5400DF5449 /* Rubik-SemiBold.ttf */,
				F79A228429AB7D5400DF5449 /* Rubik-SemiBoldItalic.ttf */,
			);
			path = Font;
			sourceTree = "<group>";
		};
		F79A229B29ABD99800DF5449 /* VCS */ = {
			isa = PBXGroup;
			children = (
				F79A229C29ABD9AB00DF5449 /* FirstVC.swift */,
				F79A229E29ABD9C500DF5449 /* SecondVC.swift */,
				F79A22A029ABD9CE00DF5449 /* ThirdVC.swift */,
				F79A22A229ABD9D500DF5449 /* FourthVC.swift */,
				F79A22A429ABD9DD00DF5449 /* FifthVC.swift */,
			);
			path = VCS;
			sourceTree = "<group>";
		};
		F79A22AC29AC1F5E00DF5449 /* FirstOnboardingScreen */ = {
			isa = PBXGroup;
			children = (
				F79A224A29A8BCC300DF5449 /* FirstOnboardingViewController.swift */,
				F79A22A629AC1DAC00DF5449 /* FirstOnboardingViewModel.swift */,
				F79A22A829AC1DD900DF5449 /* FirstOnboardingRouterProtocol.swift */,
				F79A22AA29AC1E4C00DF5449 /* FirstOnboardingRouter.swift */,
			);
			path = FirstOnboardingScreen;
			sourceTree = "<group>";
		};
		F79A22AD29AC1F7900DF5449 /* SecondOnboardingScreen */ = {
			isa = PBXGroup;
			children = (
				F79A224C29A8C2FF00DF5449 /* SecondOnboardingViewController.swift */,
				F79A22AE29AC1F8E00DF5449 /* SecondOnboardingViewModel.swift */,
				F79A22B029AC1F9400DF5449 /* SecondOnboardingRouter.swift */,
				F79A22B229AC1F9C00DF5449 /* SecondOnboardingRouterProtocol.swift */,
			);
			path = SecondOnboardingScreen;
			sourceTree = "<group>";
		};
/* End PBXGroup section */

/* Begin PBXNativeTarget section */
		F79A222229A7CFCB00DF5449 /* PlantApp */ = {
			isa = PBXNativeTarget;
			buildConfigurationList = F79A223729A7CFCD00DF5449 /* Build configuration list for PBXNativeTarget "PlantApp" */;
			buildPhases = (
				F79A221F29A7CFCB00DF5449 /* Sources */,
				F79A222029A7CFCB00DF5449 /* Frameworks */,
				F79A222129A7CFCB00DF5449 /* Resources */,
			);
			buildRules = (
			);
			dependencies = (
			);
			name = PlantApp;
			packageProductDependencies = (
				F79A224729A7D3C300DF5449 /* SnapKit */,
			);
			productName = PlantApp;
			productReference = F79A222329A7CFCB00DF5449 /* PlantApp.app */;
			productType = "com.apple.product-type.application";
		};
/* End PBXNativeTarget section */

/* Begin PBXProject section */
		F79A221B29A7CFCB00DF5449 /* Project object */ = {
			isa = PBXProject;
			attributes = {
				BuildIndependentTargetsInParallel = 1;
				LastSwiftUpdateCheck = 1410;
				LastUpgradeCheck = 1410;
				TargetAttributes = {
					F79A222229A7CFCB00DF5449 = {
						CreatedOnToolsVersion = 14.1;
					};
				};
			};
			buildConfigurationList = F79A221E29A7CFCB00DF5449 /* Build configuration list for PBXProject "PlantApp" */;
			compatibilityVersion = "Xcode 14.0";
			developmentRegion = en;
			hasScannedForEncodings = 0;
			knownRegions = (
				en,
				Base,
			);
			mainGroup = F79A221A29A7CFCB00DF5449;
			packageReferences = (
				F79A224629A7D3C300DF5449 /* XCRemoteSwiftPackageReference "SnapKit" */,
			);
			productRefGroup = F79A222429A7CFCB00DF5449 /* Products */;
			projectDirPath = "";
			projectRoot = "";
			targets = (
				F79A222229A7CFCB00DF5449 /* PlantApp */,
			);
		};
/* End PBXProject section */

/* Begin PBXResourcesBuildPhase section */
		F79A222129A7CFCB00DF5449 /* Resources */ = {
			isa = PBXResourcesBuildPhase;
			buildActionMask = 2147483647;
			files = (
				F79A228729AB7D5400DF5449 /* Rubik-BoldItalic.ttf in Resources */,
				F79A228B29AB7D5400DF5449 /* Rubik-Bold.ttf in Resources */,
				F79A223329A7CFCD00DF5449 /* LaunchScreen.storyboard in Resources */,
				F79A229229AB7D5400DF5449 /* Rubik-SemiBoldItalic.ttf in Resources */,
				F79A228529AB7D5400DF5449 /* Rubik-Regular.ttf in Resources */,
				F79A228829AB7D5400DF5449 /* Rubik-Medium.ttf in Resources */,
				F79A228929AB7D5400DF5449 /* Rubik-MediumItalic.ttf in Resources */,
				F79A228D29AB7D5400DF5449 /* Rubik-Italic.ttf in Resources */,
				F79A228629AB7D5400DF5449 /* Rubik-Black.ttf in Resources */,
				F79A228C29AB7D5400DF5449 /* Rubik-Light.ttf in Resources */,
				F79A228F29AB7D5400DF5449 /* Rubik-BlackItalic.ttf in Resources */,
				F79A228E29AB7D5400DF5449 /* Rubik-LightItalic.ttf in Resources */,
				F79A228A29AB7D5400DF5449 /* Rubik-ExtraBold.ttf in Resources */,
				F79A229129AB7D5400DF5449 /* Rubik-SemiBold.ttf in Resources */,
				F79A229029AB7D5400DF5449 /* Rubik-ExtraBoldItalic.ttf in Resources */,
				F79A223029A7CFCD00DF5449 /* Assets.xcassets in Resources */,
			);
			runOnlyForDeploymentPostprocessing = 0;
		};
/* End PBXResourcesBuildPhase section */

/* Begin PBXSourcesBuildPhase section */
		F79A221F29A7CFCB00DF5449 /* Sources */ = {
			isa = PBXSourcesBuildPhase;
			buildActionMask = 2147483647;
			files = (
				F79A22A329ABD9D500DF5449 /* FourthVC.swift in Sources */,
				F79A223F29A7D1C400DF5449 /* WelcomeViewController.swift in Sources */,
				F79A224229A7D2C400DF5449 /* NavigationUtility.swift in Sources */,
				F79A229F29ABD9C500DF5449 /* SecondVC.swift in Sources */,
				F79A226129AA262C00DF5449 /* HomeViewModel.swift in Sources */,
				F79A22A129ABD9CE00DF5449 /* ThirdVC.swift in Sources */,
				F79A225929AA23A600DF5449 /* NetworkManager.swift in Sources */,
				F79A226C29AA430200DF5449 /* PremiumButtonView.swift in Sources */,
				F79A225129A8E90F00DF5449 /* WelcomeRouter.swift in Sources */,
				F79A227129AAA45E00DF5449 /* CategoryCellPresentation.swift in Sources */,
				F79A229D29ABD9AB00DF5449 /* FirstVC.swift in Sources */,
				F79A22B329AC1F9C00DF5449 /* SecondOnboardingRouterProtocol.swift in Sources */,
				F79A225F29AA262600DF5449 /* HomeViewController.swift in Sources */,
				F79A226429AA2A6D00DF5449 /* QuestionCell.swift in Sources */,
				F79A227529AB79B000DF5449 /* TwoLinedButton.swift in Sources */,
				F79A22A529ABD9DD00DF5449 /* FifthVC.swift in Sources */,
				F79A222729A7CFCB00DF5449 /* AppDelegate.swift in Sources */,
				F79A22A729AC1DAC00DF5449 /* FirstOnboardingViewModel.swift in Sources */,
				F79A223C29A7D16D00DF5449 /* RoutingManager.swift in Sources */,
				F79A225C29AA250D00DF5449 /* QuestionModel.swift in Sources */,
				F79A22AF29AC1F8E00DF5449 /* SecondOnboardingViewModel.swift in Sources */,
				F79A22A929AC1DD900DF5449 /* FirstOnboardingRouterProtocol.swift in Sources */,
				F79A225329A8E94B00DF5449 /* WelcomeViewModel.swift in Sources */,
				F79A229629ABACCA00DF5449 /* PaywallCollectionCell.swift in Sources */,
				F79A229829ABB59A00DF5449 /* PaywallCellPresentation.swift in Sources */,
				F79A224D29A8C2FF00DF5449 /* SecondOnboardingViewController.swift in Sources */,
				F79A22AB29AC1E4C00DF5449 /* FirstOnboardingRouter.swift in Sources */,
				F79A226829AA2BEB00DF5449 /* QuestionCellPresentation.swift in Sources */,
				F79A224529A7D2FF00DF5449 /* OnboardingContainerViewController.swift in Sources */,
				F79A224B29A8BCC300DF5449 /* FirstOnboardingViewController.swift in Sources */,
				F79A226E29AAA26700DF5449 /* CategoryCell.swift in Sources */,
				F79A229A29ABB76F00DF5449 /* PaywallViewModel.swift in Sources */,
				F79A226A29AA2C3E00DF5449 /* UIImage+Extension.swift in Sources */,
				F79A224F29A8E8CE00DF5449 /* WelcomeRouterProtocol.swift in Sources */,
				F79A229429ABA2E000DF5449 /* UIButton+Extension.swift in Sources */,
				F79A225629AA0C1200DF5449 /* PaywallViewController.swift in Sources */,
				F79A22B129AC1F9400DF5449 /* SecondOnboardingRouter.swift in Sources */,
			);
			runOnlyForDeploymentPostprocessing = 0;
		};
/* End PBXSourcesBuildPhase section */

/* Begin PBXVariantGroup section */
		F79A223129A7CFCD00DF5449 /* LaunchScreen.storyboard */ = {
			isa = PBXVariantGroup;
			children = (
				F79A223229A7CFCD00DF5449 /* Base */,
			);
			name = LaunchScreen.storyboard;
			sourceTree = "<group>";
		};
/* End PBXVariantGroup section */

/* Begin XCBuildConfiguration section */
		F79A223529A7CFCD00DF5449 /* Debug */ = {
			isa = XCBuildConfiguration;
			buildSettings = {
				ALWAYS_SEARCH_USER_PATHS = NO;
				CLANG_ANALYZER_NONNULL = YES;
				CLANG_ANALYZER_NUMBER_OBJECT_CONVERSION = YES_AGGRESSIVE;
				CLANG_CXX_LANGUAGE_STANDARD = "gnu++20";
				CLANG_ENABLE_MODULES = YES;
				CLANG_ENABLE_OBJC_ARC = YES;
				CLANG_ENABLE_OBJC_WEAK = YES;
				CLANG_WARN_BLOCK_CAPTURE_AUTORELEASING = YES;
				CLANG_WARN_BOOL_CONVERSION = YES;
				CLANG_WARN_COMMA = YES;
				CLANG_WARN_CONSTANT_CONVERSION = YES;
				CLANG_WARN_DEPRECATED_OBJC_IMPLEMENTATIONS = YES;
				CLANG_WARN_DIRECT_OBJC_ISA_USAGE = YES_ERROR;
				CLANG_WARN_DOCUMENTATION_COMMENTS = YES;
				CLANG_WARN_EMPTY_BODY = YES;
				CLANG_WARN_ENUM_CONVERSION = YES;
				CLANG_WARN_INFINITE_RECURSION = YES;
				CLANG_WARN_INT_CONVERSION = YES;
				CLANG_WARN_NON_LITERAL_NULL_CONVERSION = YES;
				CLANG_WARN_OBJC_IMPLICIT_RETAIN_SELF = YES;
				CLANG_WARN_OBJC_LITERAL_CONVERSION = YES;
				CLANG_WARN_OBJC_ROOT_CLASS = YES_ERROR;
				CLANG_WARN_QUOTED_INCLUDE_IN_FRAMEWORK_HEADER = YES;
				CLANG_WARN_RANGE_LOOP_ANALYSIS = YES;
				CLANG_WARN_STRICT_PROTOTYPES = YES;
				CLANG_WARN_SUSPICIOUS_MOVE = YES;
				CLANG_WARN_UNGUARDED_AVAILABILITY = YES_AGGRESSIVE;
				CLANG_WARN_UNREACHABLE_CODE = YES;
				CLANG_WARN__DUPLICATE_METHOD_MATCH = YES;
				COPY_PHASE_STRIP = NO;
				DEBUG_INFORMATION_FORMAT = dwarf;
				ENABLE_STRICT_OBJC_MSGSEND = YES;
				ENABLE_TESTABILITY = YES;
				GCC_C_LANGUAGE_STANDARD = gnu11;
				GCC_DYNAMIC_NO_PIC = NO;
				GCC_NO_COMMON_BLOCKS = YES;
				GCC_OPTIMIZATION_LEVEL = 0;
				GCC_PREPROCESSOR_DEFINITIONS = (
					"DEBUG=1",
					"$(inherited)",
				);
				GCC_WARN_64_TO_32_BIT_CONVERSION = YES;
				GCC_WARN_ABOUT_RETURN_TYPE = YES_ERROR;
				GCC_WARN_UNDECLARED_SELECTOR = YES;
				GCC_WARN_UNINITIALIZED_AUTOS = YES_AGGRESSIVE;
				GCC_WARN_UNUSED_FUNCTION = YES;
				GCC_WARN_UNUSED_VARIABLE = YES;
				IPHONEOS_DEPLOYMENT_TARGET = 16.1;
				MTL_ENABLE_DEBUG_INFO = INCLUDE_SOURCE;
				MTL_FAST_MATH = YES;
				ONLY_ACTIVE_ARCH = YES;
				SDKROOT = iphoneos;
				SWIFT_ACTIVE_COMPILATION_CONDITIONS = DEBUG;
				SWIFT_OPTIMIZATION_LEVEL = "-Onone";
			};
			name = Debug;
		};
		F79A223629A7CFCD00DF5449 /* Release */ = {
			isa = XCBuildConfiguration;
			buildSettings = {
				ALWAYS_SEARCH_USER_PATHS = NO;
				CLANG_ANALYZER_NONNULL = YES;
				CLANG_ANALYZER_NUMBER_OBJECT_CONVERSION = YES_AGGRESSIVE;
				CLANG_CXX_LANGUAGE_STANDARD = "gnu++20";
				CLANG_ENABLE_MODULES = YES;
				CLANG_ENABLE_OBJC_ARC = YES;
				CLANG_ENABLE_OBJC_WEAK = YES;
				CLANG_WARN_BLOCK_CAPTURE_AUTORELEASING = YES;
				CLANG_WARN_BOOL_CONVERSION = YES;
				CLANG_WARN_COMMA = YES;
				CLANG_WARN_CONSTANT_CONVERSION = YES;
				CLANG_WARN_DEPRECATED_OBJC_IMPLEMENTATIONS = YES;
				CLANG_WARN_DIRECT_OBJC_ISA_USAGE = YES_ERROR;
				CLANG_WARN_DOCUMENTATION_COMMENTS = YES;
				CLANG_WARN_EMPTY_BODY = YES;
				CLANG_WARN_ENUM_CONVERSION = YES;
				CLANG_WARN_INFINITE_RECURSION = YES;
				CLANG_WARN_INT_CONVERSION = YES;
				CLANG_WARN_NON_LITERAL_NULL_CONVERSION = YES;
				CLANG_WARN_OBJC_IMPLICIT_RETAIN_SELF = YES;
				CLANG_WARN_OBJC_LITERAL_CONVERSION = YES;
				CLANG_WARN_OBJC_ROOT_CLASS = YES_ERROR;
				CLANG_WARN_QUOTED_INCLUDE_IN_FRAMEWORK_HEADER = YES;
				CLANG_WARN_RANGE_LOOP_ANALYSIS = YES;
				CLANG_WARN_STRICT_PROTOTYPES = YES;
				CLANG_WARN_SUSPICIOUS_MOVE = YES;
				CLANG_WARN_UNGUARDED_AVAILABILITY = YES_AGGRESSIVE;
				CLANG_WARN_UNREACHABLE_CODE = YES;
				CLANG_WARN__DUPLICATE_METHOD_MATCH = YES;
				COPY_PHASE_STRIP = NO;
				DEBUG_INFORMATION_FORMAT = "dwarf-with-dsym";
				ENABLE_NS_ASSERTIONS = NO;
				ENABLE_STRICT_OBJC_MSGSEND = YES;
				GCC_C_LANGUAGE_STANDARD = gnu11;
				GCC_NO_COMMON_BLOCKS = YES;
				GCC_WARN_64_TO_32_BIT_CONVERSION = YES;
				GCC_WARN_ABOUT_RETURN_TYPE = YES_ERROR;
				GCC_WARN_UNDECLARED_SELECTOR = YES;
				GCC_WARN_UNINITIALIZED_AUTOS = YES_AGGRESSIVE;
				GCC_WARN_UNUSED_FUNCTION = YES;
				GCC_WARN_UNUSED_VARIABLE = YES;
				IPHONEOS_DEPLOYMENT_TARGET = 16.1;
				MTL_ENABLE_DEBUG_INFO = NO;
				MTL_FAST_MATH = YES;
				SDKROOT = iphoneos;
				SWIFT_COMPILATION_MODE = wholemodule;
				SWIFT_OPTIMIZATION_LEVEL = "-O";
				VALIDATE_PRODUCT = YES;
			};
			name = Release;
		};
		F79A223829A7CFCD00DF5449 /* Debug */ = {
			isa = XCBuildConfiguration;
			buildSettings = {
				ASSETCATALOG_COMPILER_APPICON_NAME = AppIcon;
				ASSETCATALOG_COMPILER_GLOBAL_ACCENT_COLOR_NAME = AccentColor;
				CODE_SIGN_STYLE = Automatic;
				CURRENT_PROJECT_VERSION = 1;
				GENERATE_INFOPLIST_FILE = YES;
				INFOPLIST_FILE = PlantApp/Info.plist;
				INFOPLIST_KEY_UIApplicationSupportsIndirectInputEvents = YES;
				INFOPLIST_KEY_UILaunchStoryboardName = LaunchScreen;
				INFOPLIST_KEY_UISupportedInterfaceOrientations_iPad = "UIInterfaceOrientationPortrait UIInterfaceOrientationPortraitUpsideDown UIInterfaceOrientationLandscapeLeft UIInterfaceOrientationLandscapeRight";
				INFOPLIST_KEY_UISupportedInterfaceOrientations_iPhone = "UIInterfaceOrientationPortrait UIInterfaceOrientationLandscapeLeft UIInterfaceOrientationLandscapeRight";
				LD_RUNPATH_SEARCH_PATHS = (
					"$(inherited)",
					"@executable_path/Frameworks",
				);
				MARKETING_VERSION = 1.0;
				PRODUCT_BUNDLE_IDENTIFIER = com.PlantApp;
				PRODUCT_NAME = "$(TARGET_NAME)";
				SWIFT_EMIT_LOC_STRINGS = YES;
				SWIFT_VERSION = 5.0;
				TARGETED_DEVICE_FAMILY = "1,2";
			};
			name = Debug;
		};
		F79A223929A7CFCD00DF5449 /* Release */ = {
			isa = XCBuildConfiguration;
			buildSettings = {
				ASSETCATALOG_COMPILER_APPICON_NAME = AppIcon;
				ASSETCATALOG_COMPILER_GLOBAL_ACCENT_COLOR_NAME = AccentColor;
				CODE_SIGN_STYLE = Automatic;
				CURRENT_PROJECT_VERSION = 1;
				GENERATE_INFOPLIST_FILE = YES;
				INFOPLIST_FILE = PlantApp/Info.plist;
				INFOPLIST_KEY_UIApplicationSupportsIndirectInputEvents = YES;
				INFOPLIST_KEY_UILaunchStoryboardName = LaunchScreen;
				INFOPLIST_KEY_UISupportedInterfaceOrientations_iPad = "UIInterfaceOrientationPortrait UIInterfaceOrientationPortraitUpsideDown UIInterfaceOrientationLandscapeLeft UIInterfaceOrientationLandscapeRight";
				INFOPLIST_KEY_UISupportedInterfaceOrientations_iPhone = "UIInterfaceOrientationPortrait UIInterfaceOrientationLandscapeLeft UIInterfaceOrientationLandscapeRight";
				LD_RUNPATH_SEARCH_PATHS = (
					"$(inherited)",
					"@executable_path/Frameworks",
				);
				MARKETING_VERSION = 1.0;
				PRODUCT_BUNDLE_IDENTIFIER = com.PlantApp;
				PRODUCT_NAME = "$(TARGET_NAME)";
				SWIFT_EMIT_LOC_STRINGS = YES;
				SWIFT_VERSION = 5.0;
				TARGETED_DEVICE_FAMILY = "1,2";
			};
			name = Release;
		};
/* End XCBuildConfiguration section */

/* Begin XCConfigurationList section */
		F79A221E29A7CFCB00DF5449 /* Build configuration list for PBXProject "PlantApp" */ = {
			isa = XCConfigurationList;
			buildConfigurations = (
				F79A223529A7CFCD00DF5449 /* Debug */,
				F79A223629A7CFCD00DF5449 /* Release */,
			);
			defaultConfigurationIsVisible = 0;
			defaultConfigurationName = Release;
		};
		F79A223729A7CFCD00DF5449 /* Build configuration list for PBXNativeTarget "PlantApp" */ = {
			isa = XCConfigurationList;
			buildConfigurations = (
				F79A223829A7CFCD00DF5449 /* Debug */,
				F79A223929A7CFCD00DF5449 /* Release */,
			);
			defaultConfigurationIsVisible = 0;
			defaultConfigurationName = Release;
		};
/* End XCConfigurationList section */

/* Begin XCRemoteSwiftPackageReference section */
		F79A224629A7D3C300DF5449 /* XCRemoteSwiftPackageReference "SnapKit" */ = {
			isa = XCRemoteSwiftPackageReference;
			repositoryURL = "https://github.com/SnapKit/SnapKit.git";
			requirement = {
				kind = upToNextMajorVersion;
				minimumVersion = 5.0.0;
			};
		};
/* End XCRemoteSwiftPackageReference section */

/* Begin XCSwiftPackageProductDependency section */
		F79A224729A7D3C300DF5449 /* SnapKit */ = {
			isa = XCSwiftPackageProductDependency;
			package = F79A224629A7D3C300DF5449 /* XCRemoteSwiftPackageReference "SnapKit" */;
			productName = SnapKit;
		};
/* End XCSwiftPackageProductDependency section */
	};
	rootObject = F79A221B29A7CFCB00DF5449 /* Project object */;
}
