// !$*UTF8*$!
{
	archiveVersion = 1;
	classes = {
	};
	objectVersion = 56;
	objects = {

/* Begin PBXBuildFile section */
		F79A222729A7CFCB00DF5449 /* AppDelegate.swift in Sources */ = {isa = PBXBuildFile; fileRef = F79A222629A7CFCB00DF5449 /* AppDelegate.swift */; };
		F79A222B29A7CFCB00DF5449 /* ViewController.swift in Sources */ = {isa = PBXBuildFile; fileRef = F79A222A29A7CFCB00DF5449 /* ViewController.swift */; };
		F79A223029A7CFCD00DF5449 /* Assets.xcassets in Resources */ = {isa = PBXBuildFile; fileRef = F79A222F29A7CFCD00DF5449 /* Assets.xcassets */; };
		F79A223329A7CFCD00DF5449 /* LaunchScreen.storyboard in Resources */ = {isa = PBXBuildFile; fileRef = F79A223129A7CFCD00DF5449 /* LaunchScreen.storyboard */; };
		F79A223C29A7D16D00DF5449 /* RoutingManager.swift in Sources */ = {isa = PBXBuildFile; fileRef = F79A223B29A7D16D00DF5449 /* RoutingManager.swift */; };
		F79A223F29A7D1C400DF5449 /* WelcomeViewController.swift in Sources */ = {isa = PBXBuildFile; fileRef = F79A223E29A7D1C400DF5449 /* WelcomeViewController.swift */; };
		F79A224229A7D2C400DF5449 /* NavigationUtility.swift in Sources */ = {isa = PBXBuildFile; fileRef = F79A224129A7D2C400DF5449 /* NavigationUtility.swift */; };
		F79A224529A7D2FF00DF5449 /* OnboardingContainerViewController.swift in Sources */ = {isa = PBXBuildFile; fileRef = F79A224429A7D2FF00DF5449 /* OnboardingContainerViewController.swift */; };
		F79A224829A7D3C300DF5449 /* SnapKit in Frameworks */ = {isa = PBXBuildFile; productRef = F79A224729A7D3C300DF5449 /* SnapKit */; };
		F79A224B29A8BCC300DF5449 /* FirstOnboardingViewController.swift in Sources */ = {isa = PBXBuildFile; fileRef = F79A224A29A8BCC300DF5449 /* FirstOnboardingViewController.swift */; };
		F79A224D29A8C2FF00DF5449 /* SecondOnboardingViewController.swift in Sources */ = {isa = PBXBuildFile; fileRef = F79A224C29A8C2FF00DF5449 /* SecondOnboardingViewController.swift */; };
		F79A224F29A8E8CE00DF5449 /* WelcomeRouterProtocol.swift in Sources */ = {isa = PBXBuildFile; fileRef = F79A224E29A8E8CE00DF5449 /* WelcomeRouterProtocol.swift */; };
		F79A225129A8E90F00DF5449 /* WelcomeRouter.swift in Sources */ = {isa = PBXBuildFile; fileRef = F79A225029A8E90F00DF5449 /* WelcomeRouter.swift */; };
		F79A225329A8E94B00DF5449 /* WelcomeViewModel.swift in Sources */ = {isa = PBXBuildFile; fileRef = F79A225229A8E94B00DF5449 /* WelcomeViewModel.swift */; };
		F79A225629AA0C1200DF5449 /* PaywallViewController.swift in Sources */ = {isa = PBXBuildFile; fileRef = F79A225529AA0C1200DF5449 /* PaywallViewController.swift */; };
/* End PBXBuildFile section */

/* Begin PBXFileReference section */
		F79A222329A7CFCB00DF5449 /* PlantApp.app */ = {isa = PBXFileReference; explicitFileType = wrapper.application; includeInIndex = 0; path = PlantApp.app; sourceTree = BUILT_PRODUCTS_DIR; };
		F79A222629A7CFCB00DF5449 /* AppDelegate.swift */ = {isa = PBXFileReference; lastKnownFileType = sourcecode.swift; path = AppDelegate.swift; sourceTree = "<group>"; };
		F79A222A29A7CFCB00DF5449 /* ViewController.swift */ = {isa = PBXFileReference; lastKnownFileType = sourcecode.swift; path = ViewController.swift; sourceTree = "<group>"; };
		F79A222F29A7CFCD00DF5449 /* Assets.xcassets */ = {isa = PBXFileReference; lastKnownFileType = folder.assetcatalog; path = Assets.xcassets; sourceTree = "<group>"; };
		F79A223229A7CFCD00DF5449 /* Base */ = {isa = PBXFileReference; lastKnownFileType = file.storyboard; name = Base; path = Base.lproj/LaunchScreen.storyboard; sourceTree = "<group>"; };
		F79A223429A7CFCD00DF5449 /* Info.plist */ = {isa = PBXFileReference; lastKnownFileType = text.plist.xml; path = Info.plist; sourceTree = "<group>"; };
		F79A223B29A7D16D00DF5449 /* RoutingManager.swift */ = {isa = PBXFileReference; lastKnownFileType = sourcecode.swift; path = RoutingManager.swift; sourceTree = "<group>"; };
		F79A223E29A7D1C400DF5449 /* WelcomeViewController.swift */ = {isa = PBXFileReference; lastKnownFileType = sourcecode.swift; path = WelcomeViewController.swift; sourceTree = "<group>"; };
		F79A224129A7D2C400DF5449 /* NavigationUtility.swift */ = {isa = PBXFileReference; lastKnownFileType = sourcecode.swift; path = NavigationUtility.swift; sourceTree = "<group>"; };
		F79A224429A7D2FF00DF5449 /* OnboardingContainerViewController.swift */ = {isa = PBXFileReference; lastKnownFileType = sourcecode.swift; path = OnboardingContainerViewController.swift; sourceTree = "<group>"; };
		F79A224A29A8BCC300DF5449 /* FirstOnboardingViewController.swift */ = {isa = PBXFileReference; lastKnownFileType = sourcecode.swift; path = FirstOnboardingViewController.swift; sourceTree = "<group>"; };
		F79A224C29A8C2FF00DF5449 /* SecondOnboardingViewController.swift */ = {isa = PBXFileReference; lastKnownFileType = sourcecode.swift; path = SecondOnboardingViewController.swift; sourceTree = "<group>"; };
		F79A224E29A8E8CE00DF5449 /* WelcomeRouterProtocol.swift */ = {isa = PBXFileReference; lastKnownFileType = sourcecode.swift; path = WelcomeRouterProtocol.swift; sourceTree = "<group>"; };
		F79A225029A8E90F00DF5449 /* WelcomeRouter.swift */ = {isa = PBXFileReference; lastKnownFileType = sourcecode.swift; path = WelcomeRouter.swift; sourceTree = "<group>"; };
		F79A225229A8E94B00DF5449 /* WelcomeViewModel.swift */ = {isa = PBXFileReference; lastKnownFileType = sourcecode.swift; path = WelcomeViewModel.swift; sourceTree = "<group>"; };
		F79A225529AA0C1200DF5449 /* PaywallViewController.swift */ = {isa = PBXFileReference; lastKnownFileType = sourcecode.swift; path = PaywallViewController.swift; sourceTree = "<group>"; };
/* End PBXFileReference section */

/* Begin PBXFrameworksBuildPhase section */
		F79A222029A7CFCB00DF5449 /* Frameworks */ = {
			isa = PBXFrameworksBuildPhase;
			buildActionMask = 2147483647;
			files = (
				F79A224829A7D3C300DF5449 /* SnapKit in Frameworks */,
			);
			runOnlyForDeploymentPostprocessing = 0;
		};
/* End PBXFrameworksBuildPhase section */

/* Begin PBXGroup section */
		F79A221A29A7CFCB00DF5449 = {
			isa = PBXGroup;
			children = (
				F79A222529A7CFCB00DF5449 /* PlantApp */,
				F79A222429A7CFCB00DF5449 /* Products */,
			);
			sourceTree = "<group>";
		};
		F79A222429A7CFCB00DF5449 /* Products */ = {
			isa = PBXGroup;
			children = (
				F79A222329A7CFCB00DF5449 /* PlantApp.app */,
			);
			name = Products;
			sourceTree = "<group>";
		};
		F79A222529A7CFCB00DF5449 /* PlantApp */ = {
			isa = PBXGroup;
			children = (
				F79A225429AA0C0500DF5449 /* PaywallScreen */,
				F79A224329A7D2F300DF5449 /* OnboardingScreen */,
				F79A224029A7D2BA00DF5449 /* Utility */,
				F79A223D29A7D1B200DF5449 /* WelcomeScreen */,
				F79A223A29A7D15E00DF5449 /* Manager */,
				F79A222629A7CFCB00DF5449 /* AppDelegate.swift */,
				F79A222A29A7CFCB00DF5449 /* ViewController.swift */,
				F79A222F29A7CFCD00DF5449 /* Assets.xcassets */,
				F79A223129A7CFCD00DF5449 /* LaunchScreen.storyboard */,
				F79A223429A7CFCD00DF5449 /* Info.plist */,
			);
			path = PlantApp;
			sourceTree = "<group>";
		};
		F79A223A29A7D15E00DF5449 /* Manager */ = {
			isa = PBXGroup;
			children = (
				F79A223B29A7D16D00DF5449 /* RoutingManager.swift */,
			);
			path = Manager;
			sourceTree = "<group>";
		};
		F79A223D29A7D1B200DF5449 /* WelcomeScreen */ = {
			isa = PBXGroup;
			children = (
				F79A223E29A7D1C400DF5449 /* WelcomeViewController.swift */,
				F79A224E29A8E8CE00DF5449 /* WelcomeRouterProtocol.swift */,
				F79A225029A8E90F00DF5449 /* WelcomeRouter.swift */,
				F79A225229A8E94B00DF5449 /* WelcomeViewModel.swift */,
			);
			path = WelcomeScreen;
			sourceTree = "<group>";
		};
		F79A224029A7D2BA00DF5449 /* Utility */ = {
			isa = PBXGroup;
			children = (
				F79A224129A7D2C400DF5449 /* NavigationUtility.swift */,
			);
			path = Utility;
			sourceTree = "<group>";
		};
		F79A224329A7D2F300DF5449 /* OnboardingScreen */ = {
			isa = PBXGroup;
			children = (
				F79A224429A7D2FF00DF5449 /* OnboardingContainerViewController.swift */,
				F79A224A29A8BCC300DF5449 /* FirstOnboardingViewController.swift */,
				F79A224C29A8C2FF00DF5449 /* SecondOnboardingViewController.swift */,
			);
			path = OnboardingScreen;
			sourceTree = "<group>";
		};
		F79A225429AA0C0500DF5449 /* PaywallScreen */ = {
			isa = PBXGroup;
			children = (
				F79A225529AA0C1200DF5449 /* PaywallViewController.swift */,
			);
			path = PaywallScreen;
			sourceTree = "<group>";
		};
/* End PBXGroup section */

/* Begin PBXNativeTarget section */
		F79A222229A7CFCB00DF5449 /* PlantApp */ = {
			isa = PBXNativeTarget;
			buildConfigurationList = F79A223729A7CFCD00DF5449 /* Build configuration list for PBXNativeTarget "PlantApp" */;
			buildPhases = (
				F79A221F29A7CFCB00DF5449 /* Sources */,
				F79A222029A7CFCB00DF5449 /* Frameworks */,
				F79A222129A7CFCB00DF5449 /* Resources */,
			);
			buildRules = (
			);
			dependencies = (
			);
			name = PlantApp;
			packageProductDependencies = (
				F79A224729A7D3C300DF5449 /* SnapKit */,
			);
			productName = PlantApp;
			productReference = F79A222329A7CFCB00DF5449 /* PlantApp.app */;
			productType = "com.apple.product-type.application";
		};
/* End PBXNativeTarget section */

/* Begin PBXProject section */
		F79A221B29A7CFCB00DF5449 /* Project object */ = {
			isa = PBXProject;
			attributes = {
				BuildIndependentTargetsInParallel = 1;
				LastSwiftUpdateCheck = 1410;
				LastUpgradeCheck = 1410;
				TargetAttributes = {
					F79A222229A7CFCB00DF5449 = {
						CreatedOnToolsVersion = 14.1;
					};
				};
			};
			buildConfigurationList = F79A221E29A7CFCB00DF5449 /* Build configuration list for PBXProject "PlantApp" */;
			compatibilityVersion = "Xcode 14.0";
			developmentRegion = en;
			hasScannedForEncodings = 0;
			knownRegions = (
				en,
				Base,
			);
			mainGroup = F79A221A29A7CFCB00DF5449;
			packageReferences = (
				F79A224629A7D3C300DF5449 /* XCRemoteSwiftPackageReference "SnapKit" */,
			);
			productRefGroup = F79A222429A7CFCB00DF5449 /* Products */;
			projectDirPath = "";
			projectRoot = "";
			targets = (
				F79A222229A7CFCB00DF5449 /* PlantApp */,
			);
		};
/* End PBXProject section */

/* Begin PBXResourcesBuildPhase section */
		F79A222129A7CFCB00DF5449 /* Resources */ = {
			isa = PBXResourcesBuildPhase;
			buildActionMask = 2147483647;
			files = (
				F79A223329A7CFCD00DF5449 /* LaunchScreen.storyboard in Resources */,
				F79A223029A7CFCD00DF5449 /* Assets.xcassets in Resources */,
			);
			runOnlyForDeploymentPostprocessing = 0;
		};
/* End PBXResourcesBuildPhase section */

/* Begin PBXSourcesBuildPhase section */
		F79A221F29A7CFCB00DF5449 /* Sources */ = {
			isa = PBXSourcesBuildPhase;
			buildActionMask = 2147483647;
			files = (
				F79A222B29A7CFCB00DF5449 /* ViewController.swift in Sources */,
				F79A223F29A7D1C400DF5449 /* WelcomeViewController.swift in Sources */,
				F79A224229A7D2C400DF5449 /* NavigationUtility.swift in Sources */,
				F79A225129A8E90F00DF5449 /* WelcomeRouter.swift in Sources */,
				F79A222729A7CFCB00DF5449 /* AppDelegate.swift in Sources */,
				F79A223C29A7D16D00DF5449 /* RoutingManager.swift in Sources */,
				F79A225329A8E94B00DF5449 /* WelcomeViewModel.swift in Sources */,
				F79A224D29A8C2FF00DF5449 /* SecondOnboardingViewController.swift in Sources */,
				F79A224529A7D2FF00DF5449 /* OnboardingContainerViewController.swift in Sources */,
				F79A224B29A8BCC300DF5449 /* FirstOnboardingViewController.swift in Sources */,
				F79A224F29A8E8CE00DF5449 /* WelcomeRouterProtocol.swift in Sources */,
				F79A225629AA0C1200DF5449 /* PaywallViewController.swift in Sources */,
			);
			runOnlyForDeploymentPostprocessing = 0;
		};
/* End PBXSourcesBuildPhase section */

/* Begin PBXVariantGroup section */
		F79A223129A7CFCD00DF5449 /* LaunchScreen.storyboard */ = {
			isa = PBXVariantGroup;
			children = (
				F79A223229A7CFCD00DF5449 /* Base */,
			);
			name = LaunchScreen.storyboard;
			sourceTree = "<group>";
		};
/* End PBXVariantGroup section */

/* Begin XCBuildConfiguration section */
		F79A223529A7CFCD00DF5449 /* Debug */ = {
			isa = XCBuildConfiguration;
			buildSettings = {
				ALWAYS_SEARCH_USER_PATHS = NO;
				CLANG_ANALYZER_NONNULL = YES;
				CLANG_ANALYZER_NUMBER_OBJECT_CONVERSION = YES_AGGRESSIVE;
				CLANG_CXX_LANGUAGE_STANDARD = "gnu++20";
				CLANG_ENABLE_MODULES = YES;
				CLANG_ENABLE_OBJC_ARC = YES;
				CLANG_ENABLE_OBJC_WEAK = YES;
				CLANG_WARN_BLOCK_CAPTURE_AUTORELEASING = YES;
				CLANG_WARN_BOOL_CONVERSION = YES;
				CLANG_WARN_COMMA = YES;
				CLANG_WARN_CONSTANT_CONVERSION = YES;
				CLANG_WARN_DEPRECATED_OBJC_IMPLEMENTATIONS = YES;
				CLANG_WARN_DIRECT_OBJC_ISA_USAGE = YES_ERROR;
				CLANG_WARN_DOCUMENTATION_COMMENTS = YES;
				CLANG_WARN_EMPTY_BODY = YES;
				CLANG_WARN_ENUM_CONVERSION = YES;
				CLANG_WARN_INFINITE_RECURSION = YES;
				CLANG_WARN_INT_CONVERSION = YES;
				CLANG_WARN_NON_LITERAL_NULL_CONVERSION = YES;
				CLANG_WARN_OBJC_IMPLICIT_RETAIN_SELF = YES;
				CLANG_WARN_OBJC_LITERAL_CONVERSION = YES;
				CLANG_WARN_OBJC_ROOT_CLASS = YES_ERROR;
				CLANG_WARN_QUOTED_INCLUDE_IN_FRAMEWORK_HEADER = YES;
				CLANG_WARN_RANGE_LOOP_ANALYSIS = YES;
				CLANG_WARN_STRICT_PROTOTYPES = YES;
				CLANG_WARN_SUSPICIOUS_MOVE = YES;
				CLANG_WARN_UNGUARDED_AVAILABILITY = YES_AGGRESSIVE;
				CLANG_WARN_UNREACHABLE_CODE = YES;
				CLANG_WARN__DUPLICATE_METHOD_MATCH = YES;
				COPY_PHASE_STRIP = NO;
				DEBUG_INFORMATION_FORMAT = dwarf;
				ENABLE_STRICT_OBJC_MSGSEND = YES;
				ENABLE_TESTABILITY = YES;
				GCC_C_LANGUAGE_STANDARD = gnu11;
				GCC_DYNAMIC_NO_PIC = NO;
				GCC_NO_COMMON_BLOCKS = YES;
				GCC_OPTIMIZATION_LEVEL = 0;
				GCC_PREPROCESSOR_DEFINITIONS = (
					"DEBUG=1",
					"$(inherited)",
				);
				GCC_WARN_64_TO_32_BIT_CONVERSION = YES;
				GCC_WARN_ABOUT_RETURN_TYPE = YES_ERROR;
				GCC_WARN_UNDECLARED_SELECTOR = YES;
				GCC_WARN_UNINITIALIZED_AUTOS = YES_AGGRESSIVE;
				GCC_WARN_UNUSED_FUNCTION = YES;
				GCC_WARN_UNUSED_VARIABLE = YES;
				IPHONEOS_DEPLOYMENT_TARGET = 16.1;
				MTL_ENABLE_DEBUG_INFO = INCLUDE_SOURCE;
				MTL_FAST_MATH = YES;
				ONLY_ACTIVE_ARCH = YES;
				SDKROOT = iphoneos;
				SWIFT_ACTIVE_COMPILATION_CONDITIONS = DEBUG;
				SWIFT_OPTIMIZATION_LEVEL = "-Onone";
			};
			name = Debug;
		};
		F79A223629A7CFCD00DF5449 /* Release */ = {
			isa = XCBuildConfiguration;
			buildSettings = {
				ALWAYS_SEARCH_USER_PATHS = NO;
				CLANG_ANALYZER_NONNULL = YES;
				CLANG_ANALYZER_NUMBER_OBJECT_CONVERSION = YES_AGGRESSIVE;
				CLANG_CXX_LANGUAGE_STANDARD = "gnu++20";
				CLANG_ENABLE_MODULES = YES;
				CLANG_ENABLE_OBJC_ARC = YES;
				CLANG_ENABLE_OBJC_WEAK = YES;
				CLANG_WARN_BLOCK_CAPTURE_AUTORELEASING = YES;
				CLANG_WARN_BOOL_CONVERSION = YES;
				CLANG_WARN_COMMA = YES;
				CLANG_WARN_CONSTANT_CONVERSION = YES;
				CLANG_WARN_DEPRECATED_OBJC_IMPLEMENTATIONS = YES;
				CLANG_WARN_DIRECT_OBJC_ISA_USAGE = YES_ERROR;
				CLANG_WARN_DOCUMENTATION_COMMENTS = YES;
				CLANG_WARN_EMPTY_BODY = YES;
				CLANG_WARN_ENUM_CONVERSION = YES;
				CLANG_WARN_INFINITE_RECURSION = YES;
				CLANG_WARN_INT_CONVERSION = YES;
				CLANG_WARN_NON_LITERAL_NULL_CONVERSION = YES;
				CLANG_WARN_OBJC_IMPLICIT_RETAIN_SELF = YES;
				CLANG_WARN_OBJC_LITERAL_CONVERSION = YES;
				CLANG_WARN_OBJC_ROOT_CLASS = YES_ERROR;
				CLANG_WARN_QUOTED_INCLUDE_IN_FRAMEWORK_HEADER = YES;
				CLANG_WARN_RANGE_LOOP_ANALYSIS = YES;
				CLANG_WARN_STRICT_PROTOTYPES = YES;
				CLANG_WARN_SUSPICIOUS_MOVE = YES;
				CLANG_WARN_UNGUARDED_AVAILABILITY = YES_AGGRESSIVE;
				CLANG_WARN_UNREACHABLE_CODE = YES;
				CLANG_WARN__DUPLICATE_METHOD_MATCH = YES;
				COPY_PHASE_STRIP = NO;
				DEBUG_INFORMATION_FORMAT = "dwarf-with-dsym";
				ENABLE_NS_ASSERTIONS = NO;
				ENABLE_STRICT_OBJC_MSGSEND = YES;
				GCC_C_LANGUAGE_STANDARD = gnu11;
				GCC_NO_COMMON_BLOCKS = YES;
				GCC_WARN_64_TO_32_BIT_CONVERSION = YES;
				GCC_WARN_ABOUT_RETURN_TYPE = YES_ERROR;
				GCC_WARN_UNDECLARED_SELECTOR = YES;
				GCC_WARN_UNINITIALIZED_AUTOS = YES_AGGRESSIVE;
				GCC_WARN_UNUSED_FUNCTION = YES;
				GCC_WARN_UNUSED_VARIABLE = YES;
				IPHONEOS_DEPLOYMENT_TARGET = 16.1;
				MTL_ENABLE_DEBUG_INFO = NO;
				MTL_FAST_MATH = YES;
				SDKROOT = iphoneos;
				SWIFT_COMPILATION_MODE = wholemodule;
				SWIFT_OPTIMIZATION_LEVEL = "-O";
				VALIDATE_PRODUCT = YES;
			};
			name = Release;
		};
		F79A223829A7CFCD00DF5449 /* Debug */ = {
			isa = XCBuildConfiguration;
			buildSettings = {
				ASSETCATALOG_COMPILER_APPICON_NAME = AppIcon;
				ASSETCATALOG_COMPILER_GLOBAL_ACCENT_COLOR_NAME = AccentColor;
				CODE_SIGN_STYLE = Automatic;
				CURRENT_PROJECT_VERSION = 1;
				GENERATE_INFOPLIST_FILE = YES;
				INFOPLIST_FILE = PlantApp/Info.plist;
				INFOPLIST_KEY_UIApplicationSupportsIndirectInputEvents = YES;
				INFOPLIST_KEY_UILaunchStoryboardName = LaunchScreen;
				INFOPLIST_KEY_UISupportedInterfaceOrientations_iPad = "UIInterfaceOrientationPortrait UIInterfaceOrientationPortraitUpsideDown UIInterfaceOrientationLandscapeLeft UIInterfaceOrientationLandscapeRight";
				INFOPLIST_KEY_UISupportedInterfaceOrientations_iPhone = "UIInterfaceOrientationPortrait UIInterfaceOrientationLandscapeLeft UIInterfaceOrientationLandscapeRight";
				LD_RUNPATH_SEARCH_PATHS = (
					"$(inherited)",
					"@executable_path/Frameworks",
				);
				MARKETING_VERSION = 1.0;
				PRODUCT_BUNDLE_IDENTIFIER = com.PlantApp;
				PRODUCT_NAME = "$(TARGET_NAME)";
				SWIFT_EMIT_LOC_STRINGS = YES;
				SWIFT_VERSION = 5.0;
				TARGETED_DEVICE_FAMILY = "1,2";
			};
			name = Debug;
		};
		F79A223929A7CFCD00DF5449 /* Release */ = {
			isa = XCBuildConfiguration;
			buildSettings = {
				ASSETCATALOG_COMPILER_APPICON_NAME = AppIcon;
				ASSETCATALOG_COMPILER_GLOBAL_ACCENT_COLOR_NAME = AccentColor;
				CODE_SIGN_STYLE = Automatic;
				CURRENT_PROJECT_VERSION = 1;
				GENERATE_INFOPLIST_FILE = YES;
				INFOPLIST_FILE = PlantApp/Info.plist;
				INFOPLIST_KEY_UIApplicationSupportsIndirectInputEvents = YES;
				INFOPLIST_KEY_UILaunchStoryboardName = LaunchScreen;
				INFOPLIST_KEY_UISupportedInterfaceOrientations_iPad = "UIInterfaceOrientationPortrait UIInterfaceOrientationPortraitUpsideDown UIInterfaceOrientationLandscapeLeft UIInterfaceOrientationLandscapeRight";
				INFOPLIST_KEY_UISupportedInterfaceOrientations_iPhone = "UIInterfaceOrientationPortrait UIInterfaceOrientationLandscapeLeft UIInterfaceOrientationLandscapeRight";
				LD_RUNPATH_SEARCH_PATHS = (
					"$(inherited)",
					"@executable_path/Frameworks",
				);
				MARKETING_VERSION = 1.0;
				PRODUCT_BUNDLE_IDENTIFIER = com.PlantApp;
				PRODUCT_NAME = "$(TARGET_NAME)";
				SWIFT_EMIT_LOC_STRINGS = YES;
				SWIFT_VERSION = 5.0;
				TARGETED_DEVICE_FAMILY = "1,2";
			};
			name = Release;
		};
/* End XCBuildConfiguration section */

/* Begin XCConfigurationList section */
		F79A221E29A7CFCB00DF5449 /* Build configuration list for PBXProject "PlantApp" */ = {
			isa = XCConfigurationList;
			buildConfigurations = (
				F79A223529A7CFCD00DF5449 /* Debug */,
				F79A223629A7CFCD00DF5449 /* Release */,
			);
			defaultConfigurationIsVisible = 0;
			defaultConfigurationName = Release;
		};
		F79A223729A7CFCD00DF5449 /* Build configuration list for PBXNativeTarget "PlantApp" */ = {
			isa = XCConfigurationList;
			buildConfigurations = (
				F79A223829A7CFCD00DF5449 /* Debug */,
				F79A223929A7CFCD00DF5449 /* Release */,
			);
			defaultConfigurationIsVisible = 0;
			defaultConfigurationName = Release;
		};
/* End XCConfigurationList section */

/* Begin XCRemoteSwiftPackageReference section */
		F79A224629A7D3C300DF5449 /* XCRemoteSwiftPackageReference "SnapKit" */ = {
			isa = XCRemoteSwiftPackageReference;
			repositoryURL = "https://github.com/SnapKit/SnapKit.git";
			requirement = {
				kind = upToNextMajorVersion;
				minimumVersion = 5.0.0;
			};
		};
/* End XCRemoteSwiftPackageReference section */

/* Begin XCSwiftPackageProductDependency section */
		F79A224729A7D3C300DF5449 /* SnapKit */ = {
			isa = XCSwiftPackageProductDependency;
			package = F79A224629A7D3C300DF5449 /* XCRemoteSwiftPackageReference "SnapKit" */;
			productName = SnapKit;
		};
/* End XCSwiftPackageProductDependency section */
	};
	rootObject = F79A221B29A7CFCB00DF5449 /* Project object */;
}
